
Microsoft Visual Studio Solution File, Format Version 12.00
# Visual Studio Version 17
VisualStudioVersion = 17.14.36429.23
MinimumVisualStudioVersion = 10.0.40219.1
Project("{2150E333-8FDC-42A3-9474-1A3956D46DE8}") = "Task0", "Task0", "{02EA681E-C7D8-13C7-8484-4AC65E1B71E8}"
EndProject
Project("{FAE04EC0-301F-11D3-BF4B-00C04F79EFBC}") = "Tyuiu.RadochinaAP.Sprint5.Task0.V10", "Tyuiu.RadochinaAP.Sprint5.Task0.V10\Tyuiu.RadochinaAP.Sprint5.Task0.V10.csproj", "{526E5D24-BDF6-4DA3-9C14-43FEEF6E5BB4}"
EndProject
Project("{FAE04EC0-301F-11D3-BF4B-00C04F79EFBC}") = "Tyuiu.RadochinaAP.Sprint5.Task0.V10.Lib", "Tyuiu.RadochinaAP.Sprint5.Task0.V10.Lib\Tyuiu.RadochinaAP.Sprint5.Task0.V10.Lib.csproj", "{30E883C2-0084-40B0-B663-35E56E384CA5}"
EndProject
Project("{FAE04EC0-301F-11D3-BF4B-00C04F79EFBC}") = "Tyuiu.RadochinaAP.Sprint5.Task0.V10.Test", "Tyuiu.RadochinaAP.Sprint5.Task0.V10.Test\Tyuiu.RadochinaAP.Sprint5.Task0.V10.Test.csproj", "{10B8CDC2-5436-4A55-8FAA-0796418184BB}"
EndProject
Project("{2150E333-8FDC-42A3-9474-1A3956D46DE8}") = "Task1", "Task1", "{E3ED1EAB-927A-4D69-B08B-3140E917F5F8}"
EndProject
Project("{FAE04EC0-301F-11D3-BF4B-00C04F79EFBC}") = "Tyuiu.RadochinaAP.Sprint5.Task1.V15", "Tyuiu.RadochinaAP.Sprint5.Task1.V15\Tyuiu.RadochinaAP.Sprint5.Task1.V15.csproj", "{1D85D095-C93C-4535-9510-BDD84357B104}"
EndProject
Project("{FAE04EC0-301F-11D3-BF4B-00C04F79EFBC}") = "Tyuiu.RadochinaAP.Sprint5.Task1.V15.Test", "Tyuiu.RadochinaAP.Sprint5.Task1.V15.Test\Tyuiu.RadochinaAP.Sprint5.Task1.V15.Test.csproj", "{68C20E30-5C59-4D06-95D3-53BFF774AC5F}"
EndProject
Project("{FAE04EC0-301F-11D3-BF4B-00C04F79EFBC}") = "Tyuiu.RadochinaAP.Sprint5.Task1.V15.Lib", "Tyuiu.RadochinaAP.Sprint5.Task1.V15.Lib\Tyuiu.RadochinaAP.Sprint5.Task1.V15.Lib.csproj", "{D1270C76-706C-4126-97F2-A20E995C1C6C}"
EndProject
Project("{2150E333-8FDC-42A3-9474-1A3956D46DE8}") = "Task2", "Task2", "{6D562B59-7520-4F57-A7EA-95F42940752B}"
EndProject
Project("{FAE04EC0-301F-11D3-BF4B-00C04F79EFBC}") = "Tyuiu.RadochinaAP.Sprint5.Task2.V26.Lib", "Tyuiu.RadochinaAP.Sprint5.Task2.V26.Lib\Tyuiu.RadochinaAP.Sprint5.Task2.V26.Lib.csproj", "{7E1F3D6D-9F7C-4D01-8906-96ECA657E213}"
EndProject
Project("{FAE04EC0-301F-11D3-BF4B-00C04F79EFBC}") = "Tyuiu.RadochinaAP.Sprint5.Task2.V26.Test", "Tyuiu.RadochinaAP.Sprint5.Task2.V26.Test\Tyuiu.RadochinaAP.Sprint5.Task2.V26.Test.csproj", "{7F50950D-3687-4D41-9420-6D0B4DE01C48}"
EndProject
Project("{FAE04EC0-301F-11D3-BF4B-00C04F79EFBC}") = "Tyuiu.RadochinaAP.Sprint5.Task2.V26", "Tyuiu.RadochinaAP.Sprint5.Task2.V26\Tyuiu.RadochinaAP.Sprint5.Task2.V26.csproj", "{74C03BEC-4FB6-45CD-8FE8-87C4A04BD09E}"
EndProject
Project("{2150E333-8FDC-42A3-9474-1A3956D46DE8}") = "Task3", "Task3", "{9D2CF2A6-E791-40F1-8AA5-C3677C3766D7}"
EndProject
Project("{FAE04EC0-301F-11D3-BF4B-00C04F79EFBC}") = "Tyuiu.RadochinaAP.Sprint5.Task3.V13.Lib", "Tyuiu.RadochinaAP.Sprint5.Task3.V13.Lib\Tyuiu.RadochinaAP.Sprint5.Task3.V13.Lib.csproj", "{7D1F8502-3BE5-4B50-8536-B45F0DD031D5}"
EndProject
Project("{FAE04EC0-301F-11D3-BF4B-00C04F79EFBC}") = "Tyuiu.RadochinaAP.Sprint5.Task3.V13", "Tyuiu.RadochinaAP.Sprint5.Task3.V13\Tyuiu.RadochinaAP.Sprint5.Task3.V13.csproj", "{7456305C-BFFD-40BB-AA33-F6F757305AE7}"
EndProject
Project("{FAE04EC0-301F-11D3-BF4B-00C04F79EFBC}") = "Tyuiu.RadochinaAP.Sprint5.Task3.V13.Test", "Tyuiu.RadochinaAP.Sprint5.Task3.V13.Test\Tyuiu.RadochinaAP.Sprint5.Task3.V13.Test.csproj", "{0DDD5954-7FE9-449A-A5B9-267C7122D47D}"
EndProject
Global
	GlobalSection(SolutionConfigurationPlatforms) = preSolution
		Debug|Any CPU = Debug|Any CPU
		Release|Any CPU = Release|Any CPU
	EndGlobalSection
	GlobalSection(ProjectConfigurationPlatforms) = postSolution
		{526E5D24-BDF6-4DA3-9C14-43FEEF6E5BB4}.Debug|Any CPU.ActiveCfg = Debug|Any CPU
		{526E5D24-BDF6-4DA3-9C14-43FEEF6E5BB4}.Debug|Any CPU.Build.0 = Debug|Any CPU
		{526E5D24-BDF6-4DA3-9C14-43FEEF6E5BB4}.Release|Any CPU.ActiveCfg = Release|Any CPU
		{526E5D24-BDF6-4DA3-9C14-43FEEF6E5BB4}.Release|Any CPU.Build.0 = Release|Any CPU
		{30E883C2-0084-40B0-B663-35E56E384CA5}.Debug|Any CPU.ActiveCfg = Debug|Any CPU
		{30E883C2-0084-40B0-B663-35E56E384CA5}.Debug|Any CPU.Build.0 = Debug|Any CPU
		{30E883C2-0084-40B0-B663-35E56E384CA5}.Release|Any CPU.ActiveCfg = Release|Any CPU
		{30E883C2-0084-40B0-B663-35E56E384CA5}.Release|Any CPU.Build.0 = Release|Any CPU
		{10B8CDC2-5436-4A55-8FAA-0796418184BB}.Debug|Any CPU.ActiveCfg = Debug|Any CPU
		{10B8CDC2-5436-4A55-8FAA-0796418184BB}.Debug|Any CPU.Build.0 = Debug|Any CPU
		{10B8CDC2-5436-4A55-8FAA-0796418184BB}.Release|Any CPU.ActiveCfg = Release|Any CPU
		{10B8CDC2-5436-4A55-8FAA-0796418184BB}.Release|Any CPU.Build.0 = Release|Any CPU
		{1D85D095-C93C-4535-9510-BDD84357B104}.Debug|Any CPU.ActiveCfg = Debug|Any CPU
		{1D85D095-C93C-4535-9510-BDD84357B104}.Debug|Any CPU.Build.0 = Debug|Any CPU
		{1D85D095-C93C-4535-9510-BDD84357B104}.Release|Any CPU.ActiveCfg = Release|Any CPU
		{1D85D095-C93C-4535-9510-BDD84357B104}.Release|Any CPU.Build.0 = Release|Any CPU
		{68C20E30-5C59-4D06-95D3-53BFF774AC5F}.Debug|Any CPU.ActiveCfg = Debug|Any CPU
		{68C20E30-5C59-4D06-95D3-53BFF774AC5F}.Debug|Any CPU.Build.0 = Debug|Any CPU
		{68C20E30-5C59-4D06-95D3-53BFF774AC5F}.Release|Any CPU.ActiveCfg = Release|Any CPU
		{68C20E30-5C59-4D06-95D3-53BFF774AC5F}.Release|Any CPU.Build.0 = Release|Any CPU
		{D1270C76-706C-4126-97F2-A20E995C1C6C}.Debug|Any CPU.ActiveCfg = Debug|Any CPU
		{D1270C76-706C-4126-97F2-A20E995C1C6C}.Debug|Any CPU.Build.0 = Debug|Any CPU
		{D1270C76-706C-4126-97F2-A20E995C1C6C}.Release|Any CPU.ActiveCfg = Release|Any CPU
		{D1270C76-706C-4126-97F2-A20E995C1C6C}.Release|Any CPU.Build.0 = Release|Any CPU
		{7E1F3D6D-9F7C-4D01-8906-96ECA657E213}.Debug|Any CPU.ActiveCfg = Debug|Any CPU
		{7E1F3D6D-9F7C-4D01-8906-96ECA657E213}.Debug|Any CPU.Build.0 = Debug|Any CPU
		{7E1F3D6D-9F7C-4D01-8906-96ECA657E213}.Release|Any CPU.ActiveCfg = Release|Any CPU
		{7E1F3D6D-9F7C-4D01-8906-96ECA657E213}.Release|Any CPU.Build.0 = Release|Any CPU
		{7F50950D-3687-4D41-9420-6D0B4DE01C48}.Debug|Any CPU.ActiveCfg = Debug|Any CPU
		{7F50950D-3687-4D41-9420-6D0B4DE01C48}.Debug|Any CPU.Build.0 = Debug|Any CPU
		{7F50950D-3687-4D41-9420-6D0B4DE01C48}.Release|Any CPU.ActiveCfg = Release|Any CPU
		{7F50950D-3687-4D41-9420-6D0B4DE01C48}.Release|Any CPU.Build.0 = Release|Any CPU
		{74C03BEC-4FB6-45CD-8FE8-87C4A04BD09E}.Debug|Any CPU.ActiveCfg = Debug|Any CPU
		{74C03BEC-4FB6-45CD-8FE8-87C4A04BD09E}.Debug|Any CPU.Build.0 = Debug|Any CPU
		{74C03BEC-4FB6-45CD-8FE8-87C4A04BD09E}.Release|Any CPU.ActiveCfg = Release|Any CPU
		{74C03BEC-4FB6-45CD-8FE8-87C4A04BD09E}.Release|Any CPU.Build.0 = Release|Any CPU
		{7D1F8502-3BE5-4B50-8536-B45F0DD031D5}.Debug|Any CPU.ActiveCfg = Debug|Any CPU
		{7D1F8502-3BE5-4B50-8536-B45F0DD031D5}.Debug|Any CPU.Build.0 = Debug|Any CPU
		{7D1F8502-3BE5-4B50-8536-B45F0DD031D5}.Release|Any CPU.ActiveCfg = Release|Any CPU
		{7D1F8502-3BE5-4B50-8536-B45F0DD031D5}.Release|Any CPU.Build.0 = Release|Any CPU
		{7456305C-BFFD-40BB-AA33-F6F757305AE7}.Debug|Any CPU.ActiveCfg = Debug|Any CPU
		{7456305C-BFFD-40BB-AA33-F6F757305AE7}.Debug|Any CPU.Build.0 = Debug|Any CPU
		{7456305C-BFFD-40BB-AA33-F6F757305AE7}.Release|Any CPU.ActiveCfg = Release|Any CPU
		{7456305C-BFFD-40BB-AA33-F6F757305AE7}.Release|Any CPU.Build.0 = Release|Any CPU
		{0DDD5954-7FE9-449A-A5B9-267C7122D47D}.Debug|Any CPU.ActiveCfg = Debug|Any CPU
		{0DDD5954-7FE9-449A-A5B9-267C7122D47D}.Debug|Any CPU.Build.0 = Debug|Any CPU
		{0DDD5954-7FE9-449A-A5B9-267C7122D47D}.Release|Any CPU.ActiveCfg = Release|Any CPU
		{0DDD5954-7FE9-449A-A5B9-267C7122D47D}.Release|Any CPU.Build.0 = Release|Any CPU
	EndGlobalSection
	GlobalSection(SolutionProperties) = preSolution
		HideSolutionNode = FALSE
	EndGlobalSection
	GlobalSection(NestedProjects) = preSolution
		{526E5D24-BDF6-4DA3-9C14-43FEEF6E5BB4} = {02EA681E-C7D8-13C7-8484-4AC65E1B71E8}
		{30E883C2-0084-40B0-B663-35E56E384CA5} = {02EA681E-C7D8-13C7-8484-4AC65E1B71E8}
		{10B8CDC2-5436-4A55-8FAA-0796418184BB} = {02EA681E-C7D8-13C7-8484-4AC65E1B71E8}
		{1D85D095-C93C-4535-9510-BDD84357B104} = {E3ED1EAB-927A-4D69-B08B-3140E917F5F8}
		{68C20E30-5C59-4D06-95D3-53BFF774AC5F} = {E3ED1EAB-927A-4D69-B08B-3140E917F5F8}
		{D1270C76-706C-4126-97F2-A20E995C1C6C} = {E3ED1EAB-927A-4D69-B08B-3140E917F5F8}
		{7E1F3D6D-9F7C-4D01-8906-96ECA657E213} = {6D562B59-7520-4F57-A7EA-95F42940752B}
		{7F50950D-3687-4D41-9420-6D0B4DE01C48} = {6D562B59-7520-4F57-A7EA-95F42940752B}
		{74C03BEC-4FB6-45CD-8FE8-87C4A04BD09E} = {6D562B59-7520-4F57-A7EA-95F42940752B}
		{7D1F8502-3BE5-4B50-8536-B45F0DD031D5} = {9D2CF2A6-E791-40F1-8AA5-C3677C3766D7}
		{7456305C-BFFD-40BB-AA33-F6F757305AE7} = {9D2CF2A6-E791-40F1-8AA5-C3677C3766D7}
		{0DDD5954-7FE9-449A-A5B9-267C7122D47D} = {9D2CF2A6-E791-40F1-8AA5-C3677C3766D7}
	EndGlobalSection
	GlobalSection(ExtensibilityGlobals) = postSolution
		SolutionGuid = {B6BC352A-4954-4C78-BF12-1CD6B6C949C1}
	EndGlobalSection
EndGlobal
