
Microsoft Visual Studio Solution File, Format Version 12.00
# Visual Studio Version 17
VisualStudioVersion = 17.14.36429.23
MinimumVisualStudioVersion = 10.0.40219.1
Project("{2150E333-8FDC-42A3-9474-1A3956D46DE8}") = "Task0", "Task0", "{02EA681E-C7D8-13C7-8484-4AC65E1B71E8}"
EndProject
Project("{FAE04EC0-301F-11D3-BF4B-00C04F79EFBC}") = "Tyuiu.RadochinaAP.Sprint5.Task0.V10", "Tyuiu.RadochinaAP.Sprint5.Task0.V10\Tyuiu.RadochinaAP.Sprint5.Task0.V10.csproj", "{526E5D24-BDF6-4DA3-9C14-43FEEF6E5BB4}"
EndProject
Project("{FAE04EC0-301F-11D3-BF4B-00C04F79EFBC}") = "Tyuiu.RadochinaAP.Sprint5.Task0.V10.Lib", "Tyuiu.RadochinaAP.Sprint5.Task0.V10.Lib\Tyuiu.RadochinaAP.Sprint5.Task0.V10.Lib.csproj", "{30E883C2-0084-40B0-B663-35E56E384CA5}"
EndProject
Project("{FAE04EC0-301F-11D3-BF4B-00C04F79EFBC}") = "Tyuiu.RadochinaAP.Sprint5.Task0.V10.Test", "Tyuiu.RadochinaAP.Sprint5.Task0.V10.Test\Tyuiu.RadochinaAP.Sprint5.Task0.V10.Test.csproj", "{10B8CDC2-5436-4A55-8FAA-0796418184BB}"
EndProject
Project("{2150E333-8FDC-42A3-9474-1A3956D46DE8}") = "Task1", "Task1", "{E3ED1EAB-927A-4D69-B08B-3140E917F5F8}"
EndProject
Project("{FAE04EC0-301F-11D3-BF4B-00C04F79EFBC}") = "Tyuiu.RadochinaAP.Sprint5.Task1.V15", "Tyuiu.RadochinaAP.Sprint5.Task1.V15\Tyuiu.RadochinaAP.Sprint5.Task1.V15.csproj", "{1D85D095-C93C-4535-9510-BDD84357B104}"
EndProject
Project("{FAE04EC0-301F-11D3-BF4B-00C04F79EFBC}") = "Tyuiu.RadochinaAP.Sprint5.Task1.V15.Test", "Tyuiu.RadochinaAP.Sprint5.Task1.V15.Test\Tyuiu.RadochinaAP.Sprint5.Task1.V15.Test.csproj", "{68C20E30-5C59-4D06-95D3-53BFF774AC5F}"
EndProject
Project("{FAE04EC0-301F-11D3-BF4B-00C04F79EFBC}") = "Tyuiu.RadochinaAP.Sprint5.Task1.V15.Lib", "Tyuiu.RadochinaAP.Sprint5.Task1.V15.Lib\Tyuiu.RadochinaAP.Sprint5.Task1.V15.Lib.csproj", "{D1270C76-706C-4126-97F2-A20E995C1C6C}"
EndProject
Project("{2150E333-8FDC-42A3-9474-1A3956D46DE8}") = "Task2", "Task2", "{6D562B59-7520-4F57-A7EA-95F42940752B}"
EndProject
Project("{FAE04EC0-301F-11D3-BF4B-00C04F79EFBC}") = "Tyuiu.RadochinaAP.Sprint5.Task2.V26.Lib", "Tyuiu.RadochinaAP.Sprint5.Task2.V26.Lib\Tyuiu.RadochinaAP.Sprint5.Task2.V26.Lib.csproj", "{7E1F3D6D-9F7C-4D01-8906-96ECA657E213}"
EndProject
Project("{FAE04EC0-301F-11D3-BF4B-00C04F79EFBC}") = "Tyuiu.RadochinaAP.Sprint5.Task2.V26.Test", "Tyuiu.RadochinaAP.Sprint5.Task2.V26.Test\Tyuiu.RadochinaAP.Sprint5.Task2.V26.Test.csproj", "{7F50950D-3687-4D41-9420-6D0B4DE01C48}"
EndProject
Project("{FAE04EC0-301F-11D3-BF4B-00C04F79EFBC}") = "Tyuiu.RadochinaAP.Sprint5.Task2.V26", "Tyuiu.RadochinaAP.Sprint5.Task2.V26\Tyuiu.RadochinaAP.Sprint5.Task2.V26.csproj", "{74C03BEC-4FB6-45CD-8FE8-87C4A04BD09E}"
EndProject
Project("{2150E333-8FDC-42A3-9474-1A3956D46DE8}") = "Task3", "Task3", "{9D2CF2A6-E791-40F1-8AA5-C3677C3766D7}"
EndProject
Project("{FAE04EC0-301F-11D3-BF4B-00C04F79EFBC}") = "Tyuiu.RadochinaAP.Sprint5.Task3.V13.Lib", "Tyuiu.RadochinaAP.Sprint5.Task3.V13.Lib\Tyuiu.RadochinaAP.Sprint5.Task3.V13.Lib.csproj", "{7D1F8502-3BE5-4B50-8536-B45F0DD031D5}"
EndProject
Project("{FAE04EC0-301F-11D3-BF4B-00C04F79EFBC}") = "Tyuiu.RadochinaAP.Sprint5.Task3.V13", "Tyuiu.RadochinaAP.Sprint5.Task3.V13\Tyuiu.RadochinaAP.Sprint5.Task3.V13.csproj", "{7456305C-BFFD-40BB-AA33-F6F757305AE7}"
EndProject
Project("{FAE04EC0-301F-11D3-BF4B-00C04F79EFBC}") = "Tyuiu.RadochinaAP.Sprint5.Task3.V13.Test", "Tyuiu.RadochinaAP.Sprint5.Task3.V13.Test\Tyuiu.RadochinaAP.Sprint5.Task3.V13.Test.csproj", "{0DDD5954-7FE9-449A-A5B9-267C7122D47D}"
EndProject
Project("{2150E333-8FDC-42A3-9474-1A3956D46DE8}") = "Task4", "Task4", "{E57C01F8-33B4-4313-9D92-ED3CD8B95244}"
EndProject
Project("{FAE04EC0-301F-11D3-BF4B-00C04F79EFBC}") = "Tyuiu.RadochinaAP.Sprint5.Task4.V9", "Tyuiu.RadochinaAP.Sprint5.Task4.V9\Tyuiu.RadochinaAP.Sprint5.Task4.V9.csproj", "{FF3B59EB-FBA3-4043-A62D-EDD6678D63C0}"
EndProject
Project("{FAE04EC0-301F-11D3-BF4B-00C04F79EFBC}") = "Tyuiu.RadochinaAP.Sprint5.Task4.V9.Test", "Tyuiu.RadochinaAP.Sprint5.Task4.V9.Test\Tyuiu.RadochinaAP.Sprint5.Task4.V9.Test.csproj", "{7076D3E5-A43D-4E2D-83CB-D43F5A241D3C}"
EndProject
Project("{FAE04EC0-301F-11D3-BF4B-00C04F79EFBC}") = "Tyuiu.RadochinaAP.Sprint5.Task4.V9.Lib", "Tyuiu.RadochinaAP.Sprint5.Task4.V9.Lib\Tyuiu.RadochinaAP.Sprint5.Task4.V9.Lib.csproj", "{79ABA2CE-F396-47FA-A594-851881268117}"
EndProject
Project("{2150E333-8FDC-42A3-9474-1A3956D46DE8}") = "Task5", "Task5", "{07C9414B-4779-4804-8F4E-42B949269C8E}"
EndProject
Project("{FAE04EC0-301F-11D3-BF4B-00C04F79EFBC}") = "Tyuiu.RadochinaAP.Sprint5.Task5.V13", "Tyuiu.RadochinaAP.Sprint5.Task5.V13\Tyuiu.RadochinaAP.Sprint5.Task5.V13.csproj", "{DFE0BA57-9A00-4888-951A-002B7B7BD4B1}"
EndProject
Project("{FAE04EC0-301F-11D3-BF4B-00C04F79EFBC}") = "Tyuiu.RadochinaAP.Sprint5.Task5.V13.Lib", "Tyuiu.RadochinaAP.Sprint5.Task5.V13.Lib\Tyuiu.RadochinaAP.Sprint5.Task5.V13.Lib.csproj", "{3865C8DF-A8EC-4999-9BDC-4BF7B333807A}"
EndProject
Project("{FAE04EC0-301F-11D3-BF4B-00C04F79EFBC}") = "Tyuiu.RadochinaAP.Sprint5.Task5.V13.Test", "Tyuiu.RadochinaAP.Sprint5.Task5.V13.Test\Tyuiu.RadochinaAP.Sprint5.Task5.V13.Test.csproj", "{6D1CBB6F-067C-4BEE-A4D3-71A6B172BB08}"
EndProject
Project("{2150E333-8FDC-42A3-9474-1A3956D46DE8}") = "Task6", "Task6", "{3A05EE52-1DE7-41D6-AC29-EC236C15166A}"
EndProject
Project("{FAE04EC0-301F-11D3-BF4B-00C04F79EFBC}") = "Tyuiu.RadochinaAP.Sprint5.Task6.V11", "Tyuiu.RadochinaAP.Sprint5.Task6.V11\Tyuiu.RadochinaAP.Sprint5.Task6.V11.csproj", "{92B0A0A6-A109-4591-B5A9-972556971E07}"
EndProject
Project("{FAE04EC0-301F-11D3-BF4B-00C04F79EFBC}") = "Tyuiu.RadochinaAP.Sprint5.Task6.V11.Test", "Tyuiu.RadochinaAP.Sprint5.Task6.V11.Test\Tyuiu.RadochinaAP.Sprint5.Task6.V11.Test.csproj", "{E4D33E36-D3DA-41F1-968E-EEAECEF216F6}"
EndProject
Project("{FAE04EC0-301F-11D3-BF4B-00C04F79EFBC}") = "Tyuiu.RadochinaAP.Sprint5.Task6.V11.Lib", "Tyuiu.RadochinaAP.Sprint5.Task6.V11.Lib\Tyuiu.RadochinaAP.Sprint5.Task6.V11.Lib.csproj", "{DAA64CDC-5D27-4C63-994D-3B2C043D60A5}"
EndProject
Project("{2150E333-8FDC-42A3-9474-1A3956D46DE8}") = "Task7", "Task7", "{B2B8F848-DF42-48C1-BC5D-B424D8C68EB1}"
EndProject
Project("{FAE04EC0-301F-11D3-BF4B-00C04F79EFBC}") = "Tyuiu.RadochinaAP.Sprint5.Task7.V23.Lib", "Tyuiu.RadochinaAP.Sprint5.Task7.V23.Lib\Tyuiu.RadochinaAP.Sprint5.Task7.V23.Lib.csproj", "{EB9DD9CA-44C2-4B45-B815-A1D926358A48}"
EndProject
Project("{FAE04EC0-301F-11D3-BF4B-00C04F79EFBC}") = "Tyuiu.RadochinaAP.Sprint5.Task7.V23.Test", "Tyuiu.RadochinaAP.Sprint5.Task7.V23.Test\Tyuiu.RadochinaAP.Sprint5.Task7.V23.Test.csproj", "{89158C35-99E2-4DB6-B959-7230D50FA19B}"
EndProject
Project("{FAE04EC0-301F-11D3-BF4B-00C04F79EFBC}") = "Tyuiu.RadochinaAP.Sprint5.Task7.V23", "Tyuiu.RadochinaAP.Sprint5.Task7.V23\Tyuiu.RadochinaAP.Sprint5.Task7.V23.csproj", "{AE15C48B-AB3E-4516-8FEA-89862D7A1E01}"
EndProject
Global
	GlobalSection(SolutionConfigurationPlatforms) = preSolution
		Debug|Any CPU = Debug|Any CPU
		Release|Any CPU = Release|Any CPU
	EndGlobalSection
	GlobalSection(ProjectConfigurationPlatforms) = postSolution
		{526E5D24-BDF6-4DA3-9C14-43FEEF6E5BB4}.Debug|Any CPU.ActiveCfg = Debug|Any CPU
		{526E5D24-BDF6-4DA3-9C14-43FEEF6E5BB4}.Debug|Any CPU.Build.0 = Debug|Any CPU
		{526E5D24-BDF6-4DA3-9C14-43FEEF6E5BB4}.Release|Any CPU.ActiveCfg = Release|Any CPU
		{526E5D24-BDF6-4DA3-9C14-43FEEF6E5BB4}.Release|Any CPU.Build.0 = Release|Any CPU
		{30E883C2-0084-40B0-B663-35E56E384CA5}.Debug|Any CPU.ActiveCfg = Debug|Any CPU
		{30E883C2-0084-40B0-B663-35E56E384CA5}.Debug|Any CPU.Build.0 = Debug|Any CPU
		{30E883C2-0084-40B0-B663-35E56E384CA5}.Release|Any CPU.ActiveCfg = Release|Any CPU
		{30E883C2-0084-40B0-B663-35E56E384CA5}.Release|Any CPU.Build.0 = Release|Any CPU
		{10B8CDC2-5436-4A55-8FAA-0796418184BB}.Debug|Any CPU.ActiveCfg = Debug|Any CPU
		{10B8CDC2-5436-4A55-8FAA-0796418184BB}.Debug|Any CPU.Build.0 = Debug|Any CPU
		{10B8CDC2-5436-4A55-8FAA-0796418184BB}.Release|Any CPU.ActiveCfg = Release|Any CPU
		{10B8CDC2-5436-4A55-8FAA-0796418184BB}.Release|Any CPU.Build.0 = Release|Any CPU
		{1D85D095-C93C-4535-9510-BDD84357B104}.Debug|Any CPU.ActiveCfg = Debug|Any CPU
		{1D85D095-C93C-4535-9510-BDD84357B104}.Debug|Any CPU.Build.0 = Debug|Any CPU
		{1D85D095-C93C-4535-9510-BDD84357B104}.Release|Any CPU.ActiveCfg = Release|Any CPU
		{1D85D095-C93C-4535-9510-BDD84357B104}.Release|Any CPU.Build.0 = Release|Any CPU
		{68C20E30-5C59-4D06-95D3-53BFF774AC5F}.Debug|Any CPU.ActiveCfg = Debug|Any CPU
		{68C20E30-5C59-4D06-95D3-53BFF774AC5F}.Debug|Any CPU.Build.0 = Debug|Any CPU
		{68C20E30-5C59-4D06-95D3-53BFF774AC5F}.Release|Any CPU.ActiveCfg = Release|Any CPU
		{68C20E30-5C59-4D06-95D3-53BFF774AC5F}.Release|Any CPU.Build.0 = Release|Any CPU
		{D1270C76-706C-4126-97F2-A20E995C1C6C}.Debug|Any CPU.ActiveCfg = Debug|Any CPU
		{D1270C76-706C-4126-97F2-A20E995C1C6C}.Debug|Any CPU.Build.0 = Debug|Any CPU
		{D1270C76-706C-4126-97F2-A20E995C1C6C}.Release|Any CPU.ActiveCfg = Release|Any CPU
		{D1270C76-706C-4126-97F2-A20E995C1C6C}.Release|Any CPU.Build.0 = Release|Any CPU
		{7E1F3D6D-9F7C-4D01-8906-96ECA657E213}.Debug|Any CPU.ActiveCfg = Debug|Any CPU
		{7E1F3D6D-9F7C-4D01-8906-96ECA657E213}.Debug|Any CPU.Build.0 = Debug|Any CPU
		{7E1F3D6D-9F7C-4D01-8906-96ECA657E213}.Release|Any CPU.ActiveCfg = Release|Any CPU
		{7E1F3D6D-9F7C-4D01-8906-96ECA657E213}.Release|Any CPU.Build.0 = Release|Any CPU
		{7F50950D-3687-4D41-9420-6D0B4DE01C48}.Debug|Any CPU.ActiveCfg = Debug|Any CPU
		{7F50950D-3687-4D41-9420-6D0B4DE01C48}.Debug|Any CPU.Build.0 = Debug|Any CPU
		{7F50950D-3687-4D41-9420-6D0B4DE01C48}.Release|Any CPU.ActiveCfg = Release|Any CPU
		{7F50950D-3687-4D41-9420-6D0B4DE01C48}.Release|Any CPU.Build.0 = Release|Any CPU
		{74C03BEC-4FB6-45CD-8FE8-87C4A04BD09E}.Debug|Any CPU.ActiveCfg = Debug|Any CPU
		{74C03BEC-4FB6-45CD-8FE8-87C4A04BD09E}.Debug|Any CPU.Build.0 = Debug|Any CPU
		{74C03BEC-4FB6-45CD-8FE8-87C4A04BD09E}.Release|Any CPU.ActiveCfg = Release|Any CPU
		{74C03BEC-4FB6-45CD-8FE8-87C4A04BD09E}.Release|Any CPU.Build.0 = Release|Any CPU
		{7D1F8502-3BE5-4B50-8536-B45F0DD031D5}.Debug|Any CPU.ActiveCfg = Debug|Any CPU
		{7D1F8502-3BE5-4B50-8536-B45F0DD031D5}.Debug|Any CPU.Build.0 = Debug|Any CPU
		{7D1F8502-3BE5-4B50-8536-B45F0DD031D5}.Release|Any CPU.ActiveCfg = Release|Any CPU
		{7D1F8502-3BE5-4B50-8536-B45F0DD031D5}.Release|Any CPU.Build.0 = Release|Any CPU
		{7456305C-BFFD-40BB-AA33-F6F757305AE7}.Debug|Any CPU.ActiveCfg = Debug|Any CPU
		{7456305C-BFFD-40BB-AA33-F6F757305AE7}.Debug|Any CPU.Build.0 = Debug|Any CPU
		{7456305C-BFFD-40BB-AA33-F6F757305AE7}.Release|Any CPU.ActiveCfg = Release|Any CPU
		{7456305C-BFFD-40BB-AA33-F6F757305AE7}.Release|Any CPU.Build.0 = Release|Any CPU
		{0DDD5954-7FE9-449A-A5B9-267C7122D47D}.Debug|Any CPU.ActiveCfg = Debug|Any CPU
		{0DDD5954-7FE9-449A-A5B9-267C7122D47D}.Debug|Any CPU.Build.0 = Debug|Any CPU
		{0DDD5954-7FE9-449A-A5B9-267C7122D47D}.Release|Any CPU.ActiveCfg = Release|Any CPU
		{0DDD5954-7FE9-449A-A5B9-267C7122D47D}.Release|Any CPU.Build.0 = Release|Any CPU
		{FF3B59EB-FBA3-4043-A62D-EDD6678D63C0}.Debug|Any CPU.ActiveCfg = Debug|Any CPU
		{FF3B59EB-FBA3-4043-A62D-EDD6678D63C0}.Debug|Any CPU.Build.0 = Debug|Any CPU
		{FF3B59EB-FBA3-4043-A62D-EDD6678D63C0}.Release|Any CPU.ActiveCfg = Release|Any CPU
		{FF3B59EB-FBA3-4043-A62D-EDD6678D63C0}.Release|Any CPU.Build.0 = Release|Any CPU
		{7076D3E5-A43D-4E2D-83CB-D43F5A241D3C}.Debug|Any CPU.ActiveCfg = Debug|Any CPU
		{7076D3E5-A43D-4E2D-83CB-D43F5A241D3C}.Debug|Any CPU.Build.0 = Debug|Any CPU
		{7076D3E5-A43D-4E2D-83CB-D43F5A241D3C}.Release|Any CPU.ActiveCfg = Release|Any CPU
		{7076D3E5-A43D-4E2D-83CB-D43F5A241D3C}.Release|Any CPU.Build.0 = Release|Any CPU
		{79ABA2CE-F396-47FA-A594-851881268117}.Debug|Any CPU.ActiveCfg = Debug|Any CPU
		{79ABA2CE-F396-47FA-A594-851881268117}.Debug|Any CPU.Build.0 = Debug|Any CPU
		{79ABA2CE-F396-47FA-A594-851881268117}.Release|Any CPU.ActiveCfg = Release|Any CPU
		{79ABA2CE-F396-47FA-A594-851881268117}.Release|Any CPU.Build.0 = Release|Any CPU
		{DFE0BA57-9A00-4888-951A-002B7B7BD4B1}.Debug|Any CPU.ActiveCfg = Debug|Any CPU
		{DFE0BA57-9A00-4888-951A-002B7B7BD4B1}.Debug|Any CPU.Build.0 = Debug|Any CPU
		{DFE0BA57-9A00-4888-951A-002B7B7BD4B1}.Release|Any CPU.ActiveCfg = Release|Any CPU
		{DFE0BA57-9A00-4888-951A-002B7B7BD4B1}.Release|Any CPU.Build.0 = Release|Any CPU
		{3865C8DF-A8EC-4999-9BDC-4BF7B333807A}.Debug|Any CPU.ActiveCfg = Debug|Any CPU
		{3865C8DF-A8EC-4999-9BDC-4BF7B333807A}.Debug|Any CPU.Build.0 = Debug|Any CPU
		{3865C8DF-A8EC-4999-9BDC-4BF7B333807A}.Release|Any CPU.ActiveCfg = Release|Any CPU
		{3865C8DF-A8EC-4999-9BDC-4BF7B333807A}.Release|Any CPU.Build.0 = Release|Any CPU
		{6D1CBB6F-067C-4BEE-A4D3-71A6B172BB08}.Debug|Any CPU.ActiveCfg = Debug|Any CPU
		{6D1CBB6F-067C-4BEE-A4D3-71A6B172BB08}.Debug|Any CPU.Build.0 = Debug|Any CPU
		{6D1CBB6F-067C-4BEE-A4D3-71A6B172BB08}.Release|Any CPU.ActiveCfg = Release|Any CPU
		{6D1CBB6F-067C-4BEE-A4D3-71A6B172BB08}.Release|Any CPU.Build.0 = Release|Any CPU
		{92B0A0A6-A109-4591-B5A9-972556971E07}.Debug|Any CPU.ActiveCfg = Debug|Any CPU
		{92B0A0A6-A109-4591-B5A9-972556971E07}.Debug|Any CPU.Build.0 = Debug|Any CPU
		{92B0A0A6-A109-4591-B5A9-972556971E07}.Release|Any CPU.ActiveCfg = Release|Any CPU
		{92B0A0A6-A109-4591-B5A9-972556971E07}.Release|Any CPU.Build.0 = Release|Any CPU
		{E4D33E36-D3DA-41F1-968E-EEAECEF216F6}.Debug|Any CPU.ActiveCfg = Debug|Any CPU
		{E4D33E36-D3DA-41F1-968E-EEAECEF216F6}.Debug|Any CPU.Build.0 = Debug|Any CPU
		{E4D33E36-D3DA-41F1-968E-EEAECEF216F6}.Release|Any CPU.ActiveCfg = Release|Any CPU
		{E4D33E36-D3DA-41F1-968E-EEAECEF216F6}.Release|Any CPU.Build.0 = Release|Any CPU
		{DAA64CDC-5D27-4C63-994D-3B2C043D60A5}.Debug|Any CPU.ActiveCfg = Debug|Any CPU
		{DAA64CDC-5D27-4C63-994D-3B2C043D60A5}.Debug|Any CPU.Build.0 = Debug|Any CPU
		{DAA64CDC-5D27-4C63-994D-3B2C043D60A5}.Release|Any CPU.ActiveCfg = Release|Any CPU
		{DAA64CDC-5D27-4C63-994D-3B2C043D60A5}.Release|Any CPU.Build.0 = Release|Any CPU
		{EB9DD9CA-44C2-4B45-B815-A1D926358A48}.Debug|Any CPU.ActiveCfg = Debug|Any CPU
		{EB9DD9CA-44C2-4B45-B815-A1D926358A48}.Debug|Any CPU.Build.0 = Debug|Any CPU
		{EB9DD9CA-44C2-4B45-B815-A1D926358A48}.Release|Any CPU.ActiveCfg = Release|Any CPU
		{EB9DD9CA-44C2-4B45-B815-A1D926358A48}.Release|Any CPU.Build.0 = Release|Any CPU
		{89158C35-99E2-4DB6-B959-7230D50FA19B}.Debug|Any CPU.ActiveCfg = Debug|Any CPU
		{89158C35-99E2-4DB6-B959-7230D50FA19B}.Debug|Any CPU.Build.0 = Debug|Any CPU
		{89158C35-99E2-4DB6-B959-7230D50FA19B}.Release|Any CPU.ActiveCfg = Release|Any CPU
		{89158C35-99E2-4DB6-B959-7230D50FA19B}.Release|Any CPU.Build.0 = Release|Any CPU
		{AE15C48B-AB3E-4516-8FEA-89862D7A1E01}.Debug|Any CPU.ActiveCfg = Debug|Any CPU
		{AE15C48B-AB3E-4516-8FEA-89862D7A1E01}.Debug|Any CPU.Build.0 = Debug|Any CPU
		{AE15C48B-AB3E-4516-8FEA-89862D7A1E01}.Release|Any CPU.ActiveCfg = Release|Any CPU
		{AE15C48B-AB3E-4516-8FEA-89862D7A1E01}.Release|Any CPU.Build.0 = Release|Any CPU
	EndGlobalSection
	GlobalSection(SolutionProperties) = preSolution
		HideSolutionNode = FALSE
	EndGlobalSection
	GlobalSection(NestedProjects) = preSolution
		{526E5D24-BDF6-4DA3-9C14-43FEEF6E5BB4} = {02EA681E-C7D8-13C7-8484-4AC65E1B71E8}
		{30E883C2-0084-40B0-B663-35E56E384CA5} = {02EA681E-C7D8-13C7-8484-4AC65E1B71E8}
		{10B8CDC2-5436-4A55-8FAA-0796418184BB} = {02EA681E-C7D8-13C7-8484-4AC65E1B71E8}
		{1D85D095-C93C-4535-9510-BDD84357B104} = {E3ED1EAB-927A-4D69-B08B-3140E917F5F8}
		{68C20E30-5C59-4D06-95D3-53BFF774AC5F} = {E3ED1EAB-927A-4D69-B08B-3140E917F5F8}
		{D1270C76-706C-4126-97F2-A20E995C1C6C} = {E3ED1EAB-927A-4D69-B08B-3140E917F5F8}
		{7E1F3D6D-9F7C-4D01-8906-96ECA657E213} = {6D562B59-7520-4F57-A7EA-95F42940752B}
		{7F50950D-3687-4D41-9420-6D0B4DE01C48} = {6D562B59-7520-4F57-A7EA-95F42940752B}
		{74C03BEC-4FB6-45CD-8FE8-87C4A04BD09E} = {6D562B59-7520-4F57-A7EA-95F42940752B}
		{7D1F8502-3BE5-4B50-8536-B45F0DD031D5} = {9D2CF2A6-E791-40F1-8AA5-C3677C3766D7}
		{7456305C-BFFD-40BB-AA33-F6F757305AE7} = {9D2CF2A6-E791-40F1-8AA5-C3677C3766D7}
		{0DDD5954-7FE9-449A-A5B9-267C7122D47D} = {9D2CF2A6-E791-40F1-8AA5-C3677C3766D7}
		{FF3B59EB-FBA3-4043-A62D-EDD6678D63C0} = {E57C01F8-33B4-4313-9D92-ED3CD8B95244}
		{7076D3E5-A43D-4E2D-83CB-D43F5A241D3C} = {E57C01F8-33B4-4313-9D92-ED3CD8B95244}
		{79ABA2CE-F396-47FA-A594-851881268117} = {E57C01F8-33B4-4313-9D92-ED3CD8B95244}
		{DFE0BA57-9A00-4888-951A-002B7B7BD4B1} = {07C9414B-4779-4804-8F4E-42B949269C8E}
		{3865C8DF-A8EC-4999-9BDC-4BF7B333807A} = {07C9414B-4779-4804-8F4E-42B949269C8E}
		{6D1CBB6F-067C-4BEE-A4D3-71A6B172BB08} = {07C9414B-4779-4804-8F4E-42B949269C8E}
		{92B0A0A6-A109-4591-B5A9-972556971E07} = {3A05EE52-1DE7-41D6-AC29-EC236C15166A}
		{E4D33E36-D3DA-41F1-968E-EEAECEF216F6} = {3A05EE52-1DE7-41D6-AC29-EC236C15166A}
		{DAA64CDC-5D27-4C63-994D-3B2C043D60A5} = {3A05EE52-1DE7-41D6-AC29-EC236C15166A}
		{EB9DD9CA-44C2-4B45-B815-A1D926358A48} = {B2B8F848-DF42-48C1-BC5D-B424D8C68EB1}
		{89158C35-99E2-4DB6-B959-7230D50FA19B} = {B2B8F848-DF42-48C1-BC5D-B424D8C68EB1}
		{AE15C48B-AB3E-4516-8FEA-89862D7A1E01} = {B2B8F848-DF42-48C1-BC5D-B424D8C68EB1}
	EndGlobalSection
	GlobalSection(ExtensibilityGlobals) = postSolution
		SolutionGuid = {B6BC352A-4954-4C78-BF12-1CD6B6C949C1}
	EndGlobalSection
EndGlobal
